// !$*UTF8*$!
{
	archiveVersion = 1;
	classes = {
	};
	objectVersion = 50;
	objects = {

/* Begin PBXBuildFile section */
		050B047E25A7282E00CA7FDA /* HomePage.swift in Sources */ = {isa = PBXBuildFile; fileRef = 050B047D25A7282E00CA7FDA /* HomePage.swift */; };
		050B048125A7288F00CA7FDA /* CategoryView.swift in Sources */ = {isa = PBXBuildFile; fileRef = 050B048025A7288F00CA7FDA /* CategoryView.swift */; };
		050B048525AD486300CA7FDA /* FoodView.swift in Sources */ = {isa = PBXBuildFile; fileRef = 050B048425AD486300CA7FDA /* FoodView.swift */; };
		050B048825AD487800CA7FDA /* GameView.swift in Sources */ = {isa = PBXBuildFile; fileRef = 050B048725AD487800CA7FDA /* GameView.swift */; };
		050B048B25AD48CA00CA7FDA /* ActivityView.swift in Sources */ = {isa = PBXBuildFile; fileRef = 050B048A25AD48CA00CA7FDA /* ActivityView.swift */; };
		050B048E25AD48D900CA7FDA /* MovieView.swift in Sources */ = {isa = PBXBuildFile; fileRef = 050B048D25AD48D900CA7FDA /* MovieView.swift */; };
		050B04A025ADC89A00CA7FDA /* categories.json in Resources */ = {isa = PBXBuildFile; fileRef = 050B049F25ADC89A00CA7FDA /* categories.json */; };
		050B04A325ADC92000CA7FDA /* lists.swift in Sources */ = {isa = PBXBuildFile; fileRef = 050B04A225ADC92000CA7FDA /* lists.swift */; };
		05ECE94825A6C9F00005F91A /* matchyApp.swift in Sources */ = {isa = PBXBuildFile; fileRef = 05ECE94725A6C9F00005F91A /* matchyApp.swift */; };
		05ECE94A25A6C9F00005F91A /* ContentView.swift in Sources */ = {isa = PBXBuildFile; fileRef = 05ECE94925A6C9F00005F91A /* ContentView.swift */; };
		05ECE94C25A6C9F20005F91A /* Assets.xcassets in Resources */ = {isa = PBXBuildFile; fileRef = 05ECE94B25A6C9F20005F91A /* Assets.xcassets */; };
		05ECE94F25A6C9F20005F91A /* Preview Assets.xcassets in Resources */ = {isa = PBXBuildFile; fileRef = 05ECE94E25A6C9F20005F91A /* Preview Assets.xcassets */; };
/* End PBXBuildFile section */

/* Begin PBXFileReference section */
		050B047D25A7282E00CA7FDA /* HomePage.swift */ = {isa = PBXFileReference; lastKnownFileType = sourcecode.swift; path = HomePage.swift; sourceTree = "<group>"; };
		050B048025A7288F00CA7FDA /* CategoryView.swift */ = {isa = PBXFileReference; lastKnownFileType = sourcecode.swift; path = CategoryView.swift; sourceTree = "<group>"; };
		050B048425AD486300CA7FDA /* FoodView.swift */ = {isa = PBXFileReference; lastKnownFileType = sourcecode.swift; path = FoodView.swift; sourceTree = "<group>"; };
		050B048725AD487800CA7FDA /* GameView.swift */ = {isa = PBXFileReference; lastKnownFileType = sourcecode.swift; path = GameView.swift; sourceTree = "<group>"; };
		050B048A25AD48CA00CA7FDA /* ActivityView.swift */ = {isa = PBXFileReference; lastKnownFileType = sourcecode.swift; path = ActivityView.swift; sourceTree = "<group>"; };
		050B048D25AD48D900CA7FDA /* MovieView.swift */ = {isa = PBXFileReference; lastKnownFileType = sourcecode.swift; path = MovieView.swift; sourceTree = "<group>"; };
		050B049F25ADC89A00CA7FDA /* categories.json */ = {isa = PBXFileReference; fileEncoding = 4; lastKnownFileType = text.json; path = categories.json; sourceTree = "<group>"; };
		050B04A225ADC92000CA7FDA /* lists.swift */ = {isa = PBXFileReference; fileEncoding = 4; lastKnownFileType = sourcecode.swift; path = lists.swift; sourceTree = "<group>"; };
		05ECE94425A6C9F00005F91A /* matchy.app */ = {isa = PBXFileReference; explicitFileType = wrapper.application; includeInIndex = 0; path = matchy.app; sourceTree = BUILT_PRODUCTS_DIR; };
		05ECE94725A6C9F00005F91A /* matchyApp.swift */ = {isa = PBXFileReference; lastKnownFileType = sourcecode.swift; path = matchyApp.swift; sourceTree = "<group>"; };
		05ECE94925A6C9F00005F91A /* ContentView.swift */ = {isa = PBXFileReference; lastKnownFileType = sourcecode.swift; path = ContentView.swift; sourceTree = "<group>"; };
		05ECE94B25A6C9F20005F91A /* Assets.xcassets */ = {isa = PBXFileReference; lastKnownFileType = folder.assetcatalog; path = Assets.xcassets; sourceTree = "<group>"; };
		05ECE94E25A6C9F20005F91A /* Preview Assets.xcassets */ = {isa = PBXFileReference; lastKnownFileType = folder.assetcatalog; path = "Preview Assets.xcassets"; sourceTree = "<group>"; };
		05ECE95025A6C9F20005F91A /* Info.plist */ = {isa = PBXFileReference; lastKnownFileType = text.plist.xml; path = Info.plist; sourceTree = "<group>"; };
/* End PBXFileReference section */

/* Begin PBXFrameworksBuildPhase section */
		05ECE94125A6C9F00005F91A /* Frameworks */ = {
			isa = PBXFrameworksBuildPhase;
			buildActionMask = 2147483647;
			files = (
			);
			runOnlyForDeploymentPostprocessing = 0;
		};
/* End PBXFrameworksBuildPhase section */

/* Begin PBXGroup section */
		05ECE93B25A6C9F00005F91A = {
			isa = PBXGroup;
			children = (
				05ECE94625A6C9F00005F91A /* matchy */,
				05ECE94525A6C9F00005F91A /* Products */,
			);
			sourceTree = "<group>";
		};
		05ECE94525A6C9F00005F91A /* Products */ = {
			isa = PBXGroup;
			children = (
				05ECE94425A6C9F00005F91A /* matchy.app */,
			);
			name = Products;
			sourceTree = "<group>";
		};
		05ECE94625A6C9F00005F91A /* matchy */ = {
			isa = PBXGroup;
			children = (
				050B047D25A7282E00CA7FDA /* HomePage.swift */,
				05ECE94725A6C9F00005F91A /* matchyApp.swift */,
				05ECE94925A6C9F00005F91A /* ContentView.swift */,
				050B048D25AD48D900CA7FDA /* MovieView.swift */,
				050B048A25AD48CA00CA7FDA /* ActivityView.swift */,
				050B048725AD487800CA7FDA /* GameView.swift */,
				050B048025A7288F00CA7FDA /* CategoryView.swift */,
				050B048425AD486300CA7FDA /* FoodView.swift */,
				050B04A225ADC92000CA7FDA /* lists.swift */,
				050B049F25ADC89A00CA7FDA /* categories.json */,
				05ECE94B25A6C9F20005F91A /* Assets.xcassets */,
				05ECE95025A6C9F20005F91A /* Info.plist */,
				05ECE94D25A6C9F20005F91A /* Preview Content */,
			);
			path = matchy;
			sourceTree = "<group>";
		};
		05ECE94D25A6C9F20005F91A /* Preview Content */ = {
			isa = PBXGroup;
			children = (
				05ECE94E25A6C9F20005F91A /* Preview Assets.xcassets */,
			);
			path = "Preview Content";
			sourceTree = "<group>";
		};
/* End PBXGroup section */

/* Begin PBXNativeTarget section */
		05ECE94325A6C9F00005F91A /* matchy */ = {
			isa = PBXNativeTarget;
			buildConfigurationList = 05ECE95325A6C9F20005F91A /* Build configuration list for PBXNativeTarget "matchy" */;
			buildPhases = (
				05ECE94025A6C9F00005F91A /* Sources */,
				05ECE94125A6C9F00005F91A /* Frameworks */,
				05ECE94225A6C9F00005F91A /* Resources */,
			);
			buildRules = (
			);
			dependencies = (
			);
			name = matchy;
			productName = matchy;
			productReference = 05ECE94425A6C9F00005F91A /* matchy.app */;
			productType = "com.apple.product-type.application";
		};
/* End PBXNativeTarget section */

/* Begin PBXProject section */
		05ECE93C25A6C9F00005F91A /* Project object */ = {
			isa = PBXProject;
			attributes = {
				LastSwiftUpdateCheck = 1230;
				LastUpgradeCheck = 1230;
				TargetAttributes = {
					05ECE94325A6C9F00005F91A = {
						CreatedOnToolsVersion = 12.3;
					};
				};
			};
			buildConfigurationList = 05ECE93F25A6C9F00005F91A /* Build configuration list for PBXProject "matchy" */;
			compatibilityVersion = "Xcode 9.3";
			developmentRegion = en;
			hasScannedForEncodings = 0;
			knownRegions = (
				en,
				Base,
			);
			mainGroup = 05ECE93B25A6C9F00005F91A;
			productRefGroup = 05ECE94525A6C9F00005F91A /* Products */;
			projectDirPath = "";
			projectRoot = "";
			targets = (
				05ECE94325A6C9F00005F91A /* matchy */,
			);
		};
/* End PBXProject section */

/* Begin PBXResourcesBuildPhase section */
		05ECE94225A6C9F00005F91A /* Resources */ = {
			isa = PBXResourcesBuildPhase;
			buildActionMask = 2147483647;
			files = (
				05ECE94F25A6C9F20005F91A /* Preview Assets.xcassets in Resources */,
				050B04A025ADC89A00CA7FDA /* categories.json in Resources */,
				05ECE94C25A6C9F20005F91A /* Assets.xcassets in Resources */,
			);
			runOnlyForDeploymentPostprocessing = 0;
		};
/* End PBXResourcesBuildPhase section */

/* Begin PBXSourcesBuildPhase section */
		05ECE94025A6C9F00005F91A /* Sources */ = {
			isa = PBXSourcesBuildPhase;
			buildActionMask = 2147483647;
			files = (
				05ECE94A25A6C9F00005F91A /* ContentView.swift in Sources */,
				050B048525AD486300CA7FDA /* FoodView.swift in Sources */,
				050B047E25A7282E00CA7FDA /* HomePage.swift in Sources */,
				050B048125A7288F00CA7FDA /* CategoryView.swift in Sources */,
				050B048B25AD48CA00CA7FDA /* ActivityView.swift in Sources */,
				050B04A325ADC92000CA7FDA /* lists.swift in Sources */,
				050B048E25AD48D900CA7FDA /* MovieView.swift in Sources */,
				050B048825AD487800CA7FDA /* GameView.swift in Sources */,
				05ECE94825A6C9F00005F91A /* matchyApp.swift in Sources */,
			);
			runOnlyForDeploymentPostprocessing = 0;
		};
/* End PBXSourcesBuildPhase section */

/* Begin XCBuildConfiguration section */
		05ECE95125A6C9F20005F91A /* Debug */ = {
			isa = XCBuildConfiguration;
			buildSettings = {
				ALWAYS_SEARCH_USER_PATHS = NO;
				CLANG_ANALYZER_NONNULL = YES;
				CLANG_ANALYZER_NUMBER_OBJECT_CONVERSION = YES_AGGRESSIVE;
				CLANG_CXX_LANGUAGE_STANDARD = "gnu++14";
				CLANG_CXX_LIBRARY = "libc++";
				CLANG_ENABLE_MODULES = YES;
				CLANG_ENABLE_OBJC_ARC = YES;
				CLANG_ENABLE_OBJC_WEAK = YES;
				CLANG_WARN_BLOCK_CAPTURE_AUTORELEASING = YES;
				CLANG_WARN_BOOL_CONVERSION = YES;
				CLANG_WARN_COMMA = YES;
				CLANG_WARN_CONSTANT_CONVERSION = YES;
				CLANG_WARN_DEPRECATED_OBJC_IMPLEMENTATIONS = YES;
				CLANG_WARN_DIRECT_OBJC_ISA_USAGE = YES_ERROR;
				CLANG_WARN_DOCUMENTATION_COMMENTS = YES;
				CLANG_WARN_EMPTY_BODY = YES;
				CLANG_WARN_ENUM_CONVERSION = YES;
				CLANG_WARN_INFINITE_RECURSION = YES;
				CLANG_WARN_INT_CONVERSION = YES;
				CLANG_WARN_NON_LITERAL_NULL_CONVERSION = YES;
				CLANG_WARN_OBJC_IMPLICIT_RETAIN_SELF = YES;
				CLANG_WARN_OBJC_LITERAL_CONVERSION = YES;
				CLANG_WARN_OBJC_ROOT_CLASS = YES_ERROR;
				CLANG_WARN_QUOTED_INCLUDE_IN_FRAMEWORK_HEADER = YES;
				CLANG_WARN_RANGE_LOOP_ANALYSIS = YES;
				CLANG_WARN_STRICT_PROTOTYPES = YES;
				CLANG_WARN_SUSPICIOUS_MOVE = YES;
				CLANG_WARN_UNGUARDED_AVAILABILITY = YES_AGGRESSIVE;
				CLANG_WARN_UNREACHABLE_CODE = YES;
				CLANG_WARN__DUPLICATE_METHOD_MATCH = YES;
				COPY_PHASE_STRIP = NO;
				DEBUG_INFORMATION_FORMAT = dwarf;
				ENABLE_STRICT_OBJC_MSGSEND = YES;
				ENABLE_TESTABILITY = YES;
				GCC_C_LANGUAGE_STANDARD = gnu11;
				GCC_DYNAMIC_NO_PIC = NO;
				GCC_NO_COMMON_BLOCKS = YES;
				GCC_OPTIMIZATION_LEVEL = 0;
				GCC_PREPROCESSOR_DEFINITIONS = (
					"DEBUG=1",
					"$(inherited)",
				);
				GCC_WARN_64_TO_32_BIT_CONVERSION = YES;
				GCC_WARN_ABOUT_RETURN_TYPE = YES_ERROR;
				GCC_WARN_UNDECLARED_SELECTOR = YES;
				GCC_WARN_UNINITIALIZED_AUTOS = YES_AGGRESSIVE;
				GCC_WARN_UNUSED_FUNCTION = YES;
				GCC_WARN_UNUSED_VARIABLE = YES;
				IPHONEOS_DEPLOYMENT_TARGET = 14.3;
				MTL_ENABLE_DEBUG_INFO = INCLUDE_SOURCE;
				MTL_FAST_MATH = YES;
				ONLY_ACTIVE_ARCH = YES;
				SDKROOT = iphoneos;
				SWIFT_ACTIVE_COMPILATION_CONDITIONS = DEBUG;
				SWIFT_OPTIMIZATION_LEVEL = "-Onone";
			};
			name = Debug;
		};
		05ECE95225A6C9F20005F91A /* Release */ = {
			isa = XCBuildConfiguration;
			buildSettings = {
				ALWAYS_SEARCH_USER_PATHS = NO;
				CLANG_ANALYZER_NONNULL = YES;
				CLANG_ANALYZER_NUMBER_OBJECT_CONVERSION = YES_AGGRESSIVE;
				CLANG_CXX_LANGUAGE_STANDARD = "gnu++14";
				CLANG_CXX_LIBRARY = "libc++";
				CLANG_ENABLE_MODULES = YES;
				CLANG_ENABLE_OBJC_ARC = YES;
				CLANG_ENABLE_OBJC_WEAK = YES;
				CLANG_WARN_BLOCK_CAPTURE_AUTORELEASING = YES;
				CLANG_WARN_BOOL_CONVERSION = YES;
				CLANG_WARN_COMMA = YES;
				CLANG_WARN_CONSTANT_CONVERSION = YES;
				CLANG_WARN_DEPRECATED_OBJC_IMPLEMENTATIONS = YES;
				CLANG_WARN_DIRECT_OBJC_ISA_USAGE = YES_ERROR;
				CLANG_WARN_DOCUMENTATION_COMMENTS = YES;
				CLANG_WARN_EMPTY_BODY = YES;
				CLANG_WARN_ENUM_CONVERSION = YES;
				CLANG_WARN_INFINITE_RECURSION = YES;
				CLANG_WARN_INT_CONVERSION = YES;
				CLANG_WARN_NON_LITERAL_NULL_CONVERSION = YES;
				CLANG_WARN_OBJC_IMPLICIT_RETAIN_SELF = YES;
				CLANG_WARN_OBJC_LITERAL_CONVERSION = YES;
				CLANG_WARN_OBJC_ROOT_CLASS = YES_ERROR;
				CLANG_WARN_QUOTED_INCLUDE_IN_FRAMEWORK_HEADER = YES;
				CLANG_WARN_RANGE_LOOP_ANALYSIS = YES;
				CLANG_WARN_STRICT_PROTOTYPES = YES;
				CLANG_WARN_SUSPICIOUS_MOVE = YES;
				CLANG_WARN_UNGUARDED_AVAILABILITY = YES_AGGRESSIVE;
				CLANG_WARN_UNREACHABLE_CODE = YES;
				CLANG_WARN__DUPLICATE_METHOD_MATCH = YES;
				COPY_PHASE_STRIP = NO;
				DEBUG_INFORMATION_FORMAT = "dwarf-with-dsym";
				ENABLE_NS_ASSERTIONS = NO;
				ENABLE_STRICT_OBJC_MSGSEND = YES;
				GCC_C_LANGUAGE_STANDARD = gnu11;
				GCC_NO_COMMON_BLOCKS = YES;
				GCC_WARN_64_TO_32_BIT_CONVERSION = YES;
				GCC_WARN_ABOUT_RETURN_TYPE = YES_ERROR;
				GCC_WARN_UNDECLARED_SELECTOR = YES;
				GCC_WARN_UNINITIALIZED_AUTOS = YES_AGGRESSIVE;
				GCC_WARN_UNUSED_FUNCTION = YES;
				GCC_WARN_UNUSED_VARIABLE = YES;
				IPHONEOS_DEPLOYMENT_TARGET = 14.3;
				MTL_ENABLE_DEBUG_INFO = NO;
				MTL_FAST_MATH = YES;
				SDKROOT = iphoneos;
				SWIFT_COMPILATION_MODE = wholemodule;
				SWIFT_OPTIMIZATION_LEVEL = "-O";
				VALIDATE_PRODUCT = YES;
			};
			name = Release;
		};
		05ECE95425A6C9F20005F91A /* Debug */ = {
			isa = XCBuildConfiguration;
			buildSettings = {
				ASSETCATALOG_COMPILER_APPICON_NAME = AppIcon;
				ASSETCATALOG_COMPILER_GLOBAL_ACCENT_COLOR_NAME = AccentColor;
				CODE_SIGN_STYLE = Automatic;
				DEVELOPMENT_ASSET_PATHS = "\"matchy/Preview Content\"";
				ENABLE_PREVIEWS = YES;
				INFOPLIST_FILE = matchy/Info.plist;
				IPHONEOS_DEPLOYMENT_TARGET = 14.0;
				LD_RUNPATH_SEARCH_PATHS = (
					"$(inherited)",
					"@executable_path/Frameworks",
				);
				PRODUCT_BUNDLE_IDENTIFIER = "Make-School.matchy";
				PRODUCT_NAME = "$(TARGET_NAME)";
				SWIFT_VERSION = 5.0;
				TARGETED_DEVICE_FAMILY = "1,2";
			};
			name = Debug;
		};
		05ECE95525A6C9F20005F91A /* Release */ = {
			isa = XCBuildConfiguration;
			buildSettings = {
				ASSETCATALOG_COMPILER_APPICON_NAME = AppIcon;
				ASSETCATALOG_COMPILER_GLOBAL_ACCENT_COLOR_NAME = AccentColor;
				CODE_SIGN_STYLE = Automatic;
				DEVELOPMENT_ASSET_PATHS = "\"matchy/Preview Content\"";
				ENABLE_PREVIEWS = YES;
				INFOPLIST_FILE = matchy/Info.plist;
				IPHONEOS_DEPLOYMENT_TARGET = 14.0;
				LD_RUNPATH_SEARCH_PATHS = (
					"$(inherited)",
					"@executable_path/Frameworks",
				);
				PRODUCT_BUNDLE_IDENTIFIER = "Make-School.matchy";
				PRODUCT_NAME = "$(TARGET_NAME)";
				SWIFT_VERSION = 5.0;
				TARGETED_DEVICE_FAMILY = "1,2";
			};
			name = Release;
		};
/* End XCBuildConfiguration section */

/* Begin XCConfigurationList section */
		05ECE93F25A6C9F00005F91A /* Build configuration list for PBXProject "matchy" */ = {
			isa = XCConfigurationList;
			buildConfigurations = (
				05ECE95125A6C9F20005F91A /* Debug */,
				05ECE95225A6C9F20005F91A /* Release */,
			);
			defaultConfigurationIsVisible = 0;
			defaultConfigurationName = Release;
		};
		05ECE95325A6C9F20005F91A /* Build configuration list for PBXNativeTarget "matchy" */ = {
			isa = XCConfigurationList;
			buildConfigurations = (
				05ECE95425A6C9F20005F91A /* Debug */,
				05ECE95525A6C9F20005F91A /* Release */,
			);
			defaultConfigurationIsVisible = 0;
			defaultConfigurationName = Release;
		};
/* End XCConfigurationList section */
	};
	rootObject = 05ECE93C25A6C9F00005F91A /* Project object */;
}
